
Microsoft Visual Studio Solution File, Format Version 12.00
# Visual Studio Version 16
VisualStudioVersion = 16.0.30611.23
MinimumVisualStudioVersion = 10.0.40219.1
Project("{9A19103F-16F7-4668-BE54-9A1E7A4F7556}") = "Сrypto.Lab1", "Сrypto.Lab1\Сrypto.Lab1.csproj", "{129D042B-C610-4CE3-800A-C54EE1E87D9D}"
EndProject
Global
	GlobalSection(SolutionConfigurationPlatforms) = preSolution
		Debug|Any CPU = Debug|Any CPU
		Release|Any CPU = Release|Any CPU
	EndGlobalSection
	GlobalSection(ProjectConfigurationPlatforms) = postSolution
		{129D042B-C610-4CE3-800A-C54EE1E87D9D}.Debug|Any CPU.ActiveCfg = Debug|Any CPU
		{129D042B-C610-4CE3-800A-C54EE1E87D9D}.Debug|Any CPU.Build.0 = Debug|Any CPU
		{129D042B-C610-4CE3-800A-C54EE1E87D9D}.Release|Any CPU.ActiveCfg = Release|Any CPU
		{129D042B-C610-4CE3-800A-C54EE1E87D9D}.Release|Any CPU.Build.0 = Release|Any CPU
	EndGlobalSection
	GlobalSection(SolutionProperties) = preSolution
		HideSolutionNode = FALSE
	EndGlobalSection
	GlobalSection(ExtensibilityGlobals) = postSolution
		SolutionGuid = {B666925A-F0A3-42C9-9451-763943B6D802}
	EndGlobalSection
EndGlobal
